// !$*UTF8*$!
{
	archiveVersion = 1;
	classes = {
	};
	objectVersion = 51;
	objects = {

/* Begin PBXBuildFile section */
		59147B05CC100DEC9EB0BD0D /* Pods_JustEatTestTask.framework in Frameworks */ = {isa = PBXBuildFile; fileRef = 5D139C1F35142CA149D61E95 /* Pods_JustEatTestTask.framework */; };
		C717821025E3EC85007DFFA9 /* RestaurantJSON.json in Resources */ = {isa = PBXBuildFile; fileRef = C717820F25E3EC85007DFFA9 /* RestaurantJSON.json */; };
		C792ABEC25E0179800D38243 /* Restaurant.swift in Sources */ = {isa = PBXBuildFile; fileRef = C792ABEB25E0179800D38243 /* Restaurant.swift */; };
		C792ABF925E020EF00D38243 /* NetworkManager.swift in Sources */ = {isa = PBXBuildFile; fileRef = C792ABF825E020EF00D38243 /* NetworkManager.swift */; };
		C792AC2E25E03B1300D38243 /* SearchFieldView.swift in Sources */ = {isa = PBXBuildFile; fileRef = C792AC2D25E03B1300D38243 /* SearchFieldView.swift */; };
		C792AC7E25E1964800D38243 /* ListOfRestaurantsTests.swift in Sources */ = {isa = PBXBuildFile; fileRef = C792AC7D25E1964800D38243 /* ListOfRestaurantsTests.swift */; };
		C792AC8F25E3BBB500D38243 /* LocationManager.swift in Sources */ = {isa = PBXBuildFile; fileRef = C792AC8E25E3BBB500D38243 /* LocationManager.swift */; };
		C7C88AE825EB95620094AB2D /* JustEatTestTaskUITests.swift in Sources */ = {isa = PBXBuildFile; fileRef = C7C88AE725EB95620094AB2D /* JustEatTestTaskUITests.swift */; };
		C7F3F1D225DFF88100451F8B /* AppDelegate.swift in Sources */ = {isa = PBXBuildFile; fileRef = C7F3F1D125DFF88100451F8B /* AppDelegate.swift */; };
		C7F3F1D925DFF88100451F8B /* Main.storyboard in Resources */ = {isa = PBXBuildFile; fileRef = C7F3F1D725DFF88100451F8B /* Main.storyboard */; };
		C7F3F1DB25DFF88400451F8B /* Assets.xcassets in Resources */ = {isa = PBXBuildFile; fileRef = C7F3F1DA25DFF88400451F8B /* Assets.xcassets */; };
		C7F3F1DE25DFF88400451F8B /* LaunchScreen.storyboard in Resources */ = {isa = PBXBuildFile; fileRef = C7F3F1DC25DFF88400451F8B /* LaunchScreen.storyboard */; };
		C7F3F1EA25E0007800451F8B /* ListOfRestaurantsTableViewController.swift in Sources */ = {isa = PBXBuildFile; fileRef = C7F3F1E925E0007800451F8B /* ListOfRestaurantsTableViewController.swift */; };
		C7F3F1F325E0012C00451F8B /* ListOfRestaurantsPresenter.swift in Sources */ = {isa = PBXBuildFile; fileRef = C7F3F1F225E0012C00451F8B /* ListOfRestaurantsPresenter.swift */; };
		C7F3F1FC25E0035200451F8B /* ShortRestaurantInfoTableViewCell.swift in Sources */ = {isa = PBXBuildFile; fileRef = C7F3F1FB25E0035200451F8B /* ShortRestaurantInfoTableViewCell.swift */; };
		C7F3F20225E0075D00451F8B /* RatingView.swift in Sources */ = {isa = PBXBuildFile; fileRef = C7F3F20125E0075D00451F8B /* RatingView.swift */; };
		FC7497F42C30993166C99676 /* Pods_JustEatTestTask_ListOfRestaurantsTests.framework in Frameworks */ = {isa = PBXBuildFile; fileRef = 2FCD8CB2D41D3FB678B211E9 /* Pods_JustEatTestTask_ListOfRestaurantsTests.framework */; };
/* End PBXBuildFile section */

/* Begin PBXContainerItemProxy section */
		C792AC8025E1964800D38243 /* PBXContainerItemProxy */ = {
			isa = PBXContainerItemProxy;
			containerPortal = C7F3F1C625DFF88100451F8B /* Project object */;
			proxyType = 1;
			remoteGlobalIDString = C7F3F1CD25DFF88100451F8B;
			remoteInfo = JustEatTestTask;
		};
		C7C88AEA25EB95620094AB2D /* PBXContainerItemProxy */ = {
			isa = PBXContainerItemProxy;
			containerPortal = C7F3F1C625DFF88100451F8B /* Project object */;
			proxyType = 1;
			remoteGlobalIDString = C7F3F1CD25DFF88100451F8B;
			remoteInfo = JustEatTestTask;
		};
/* End PBXContainerItemProxy section */

/* Begin PBXFileReference section */
		270779B8CA30265D989559C2 /* Pods-JustEatTestTask.debug.xcconfig */ = {isa = PBXFileReference; includeInIndex = 1; lastKnownFileType = text.xcconfig; name = "Pods-JustEatTestTask.debug.xcconfig"; path = "Target Support Files/Pods-JustEatTestTask/Pods-JustEatTestTask.debug.xcconfig"; sourceTree = "<group>"; };
		2BD3CF9061397D1F89E0F9C4 /* Pods-JustEatTestTask.release.xcconfig */ = {isa = PBXFileReference; includeInIndex = 1; lastKnownFileType = text.xcconfig; name = "Pods-JustEatTestTask.release.xcconfig"; path = "Target Support Files/Pods-JustEatTestTask/Pods-JustEatTestTask.release.xcconfig"; sourceTree = "<group>"; };
		2FCD8CB2D41D3FB678B211E9 /* Pods_JustEatTestTask_ListOfRestaurantsTests.framework */ = {isa = PBXFileReference; explicitFileType = wrapper.framework; includeInIndex = 0; path = Pods_JustEatTestTask_ListOfRestaurantsTests.framework; sourceTree = BUILT_PRODUCTS_DIR; };
		56FA04BA7185CEE619A6A76C /* Pods-JustEatTestTask-ListOfRestaurantsTests.release.xcconfig */ = {isa = PBXFileReference; includeInIndex = 1; lastKnownFileType = text.xcconfig; name = "Pods-JustEatTestTask-ListOfRestaurantsTests.release.xcconfig"; path = "Target Support Files/Pods-JustEatTestTask-ListOfRestaurantsTests/Pods-JustEatTestTask-ListOfRestaurantsTests.release.xcconfig"; sourceTree = "<group>"; };
		5D139C1F35142CA149D61E95 /* Pods_JustEatTestTask.framework */ = {isa = PBXFileReference; explicitFileType = wrapper.framework; includeInIndex = 0; path = Pods_JustEatTestTask.framework; sourceTree = BUILT_PRODUCTS_DIR; };
		C717820F25E3EC85007DFFA9 /* RestaurantJSON.json */ = {isa = PBXFileReference; fileEncoding = 4; lastKnownFileType = text.json; path = RestaurantJSON.json; sourceTree = "<group>"; };
		C792ABEB25E0179800D38243 /* Restaurant.swift */ = {isa = PBXFileReference; lastKnownFileType = sourcecode.swift; path = Restaurant.swift; sourceTree = "<group>"; };
		C792ABF825E020EF00D38243 /* NetworkManager.swift */ = {isa = PBXFileReference; lastKnownFileType = sourcecode.swift; path = NetworkManager.swift; sourceTree = "<group>"; };
		C792AC2D25E03B1300D38243 /* SearchFieldView.swift */ = {isa = PBXFileReference; lastKnownFileType = sourcecode.swift; path = SearchFieldView.swift; sourceTree = "<group>"; };
		C792AC7B25E1964800D38243 /* ListOfRestaurantsTests.xctest */ = {isa = PBXFileReference; explicitFileType = wrapper.cfbundle; includeInIndex = 0; path = ListOfRestaurantsTests.xctest; sourceTree = BUILT_PRODUCTS_DIR; };
		C792AC7D25E1964800D38243 /* ListOfRestaurantsTests.swift */ = {isa = PBXFileReference; lastKnownFileType = sourcecode.swift; path = ListOfRestaurantsTests.swift; sourceTree = "<group>"; };
		C792AC7F25E1964800D38243 /* Info.plist */ = {isa = PBXFileReference; lastKnownFileType = text.plist.xml; path = Info.plist; sourceTree = "<group>"; };
		C792AC8E25E3BBB500D38243 /* LocationManager.swift */ = {isa = PBXFileReference; lastKnownFileType = sourcecode.swift; path = LocationManager.swift; sourceTree = "<group>"; };
		C7C88AE525EB95620094AB2D /* JustEatTestTaskUITests.xctest */ = {isa = PBXFileReference; explicitFileType = wrapper.cfbundle; includeInIndex = 0; path = JustEatTestTaskUITests.xctest; sourceTree = BUILT_PRODUCTS_DIR; };
		C7C88AE725EB95620094AB2D /* JustEatTestTaskUITests.swift */ = {isa = PBXFileReference; lastKnownFileType = sourcecode.swift; path = JustEatTestTaskUITests.swift; sourceTree = "<group>"; };
		C7C88AE925EB95620094AB2D /* Info.plist */ = {isa = PBXFileReference; lastKnownFileType = text.plist.xml; path = Info.plist; sourceTree = "<group>"; };
		C7F3F1CE25DFF88100451F8B /* JustEatTestTask.app */ = {isa = PBXFileReference; explicitFileType = wrapper.application; includeInIndex = 0; path = JustEatTestTask.app; sourceTree = BUILT_PRODUCTS_DIR; };
		C7F3F1D125DFF88100451F8B /* AppDelegate.swift */ = {isa = PBXFileReference; lastKnownFileType = sourcecode.swift; path = AppDelegate.swift; sourceTree = "<group>"; };
		C7F3F1D825DFF88100451F8B /* Base */ = {isa = PBXFileReference; lastKnownFileType = file.storyboard; name = Base; path = Base.lproj/Main.storyboard; sourceTree = "<group>"; };
		C7F3F1DA25DFF88400451F8B /* Assets.xcassets */ = {isa = PBXFileReference; lastKnownFileType = folder.assetcatalog; path = Assets.xcassets; sourceTree = "<group>"; };
		C7F3F1DD25DFF88400451F8B /* Base */ = {isa = PBXFileReference; lastKnownFileType = file.storyboard; name = Base; path = Base.lproj/LaunchScreen.storyboard; sourceTree = "<group>"; };
		C7F3F1DF25DFF88400451F8B /* Info.plist */ = {isa = PBXFileReference; lastKnownFileType = text.plist.xml; path = Info.plist; sourceTree = "<group>"; };
		C7F3F1E925E0007800451F8B /* ListOfRestaurantsTableViewController.swift */ = {isa = PBXFileReference; lastKnownFileType = sourcecode.swift; path = ListOfRestaurantsTableViewController.swift; sourceTree = "<group>"; };
		C7F3F1F225E0012C00451F8B /* ListOfRestaurantsPresenter.swift */ = {isa = PBXFileReference; lastKnownFileType = sourcecode.swift; path = ListOfRestaurantsPresenter.swift; sourceTree = "<group>"; };
		C7F3F1FB25E0035200451F8B /* ShortRestaurantInfoTableViewCell.swift */ = {isa = PBXFileReference; lastKnownFileType = sourcecode.swift; path = ShortRestaurantInfoTableViewCell.swift; sourceTree = "<group>"; };
		C7F3F20125E0075D00451F8B /* RatingView.swift */ = {isa = PBXFileReference; lastKnownFileType = sourcecode.swift; path = RatingView.swift; sourceTree = "<group>"; };
		E566AC9B721E4C838DE09C52 /* Pods-JustEatTestTask-ListOfRestaurantsTests.debug.xcconfig */ = {isa = PBXFileReference; includeInIndex = 1; lastKnownFileType = text.xcconfig; name = "Pods-JustEatTestTask-ListOfRestaurantsTests.debug.xcconfig"; path = "Target Support Files/Pods-JustEatTestTask-ListOfRestaurantsTests/Pods-JustEatTestTask-ListOfRestaurantsTests.debug.xcconfig"; sourceTree = "<group>"; };
/* End PBXFileReference section */

/* Begin PBXFrameworksBuildPhase section */
		C792AC7825E1964800D38243 /* Frameworks */ = {
			isa = PBXFrameworksBuildPhase;
			buildActionMask = 2147483647;
			files = (
				FC7497F42C30993166C99676 /* Pods_JustEatTestTask_ListOfRestaurantsTests.framework in Frameworks */,
			);
			runOnlyForDeploymentPostprocessing = 0;
		};
		C7C88AE225EB95620094AB2D /* Frameworks */ = {
			isa = PBXFrameworksBuildPhase;
			buildActionMask = 2147483647;
			files = (
			);
			runOnlyForDeploymentPostprocessing = 0;
		};
		C7F3F1CB25DFF88100451F8B /* Frameworks */ = {
			isa = PBXFrameworksBuildPhase;
			buildActionMask = 2147483647;
			files = (
				59147B05CC100DEC9EB0BD0D /* Pods_JustEatTestTask.framework in Frameworks */,
			);
			runOnlyForDeploymentPostprocessing = 0;
		};
/* End PBXFrameworksBuildPhase section */

/* Begin PBXGroup section */
		48E20F3C3B43723BFBE14E4B /* Pods */ = {
			isa = PBXGroup;
			children = (
				270779B8CA30265D989559C2 /* Pods-JustEatTestTask.debug.xcconfig */,
				2BD3CF9061397D1F89E0F9C4 /* Pods-JustEatTestTask.release.xcconfig */,
				E566AC9B721E4C838DE09C52 /* Pods-JustEatTestTask-ListOfRestaurantsTests.debug.xcconfig */,
				56FA04BA7185CEE619A6A76C /* Pods-JustEatTestTask-ListOfRestaurantsTests.release.xcconfig */,
			);
			path = Pods;
			sourceTree = "<group>";
		};
		B069E2AD43365A73CCDE2677 /* Frameworks */ = {
			isa = PBXGroup;
			children = (
				5D139C1F35142CA149D61E95 /* Pods_JustEatTestTask.framework */,
				2FCD8CB2D41D3FB678B211E9 /* Pods_JustEatTestTask_ListOfRestaurantsTests.framework */,
			);
			name = Frameworks;
			sourceTree = "<group>";
		};
		C792ABEA25E0178000D38243 /* Model */ = {
			isa = PBXGroup;
			children = (
				C792ABEB25E0179800D38243 /* Restaurant.swift */,
			);
			path = Model;
			sourceTree = "<group>";
		};
		C792ABF725E020E100D38243 /* Services */ = {
			isa = PBXGroup;
			children = (
				C792ABF825E020EF00D38243 /* NetworkManager.swift */,
				C792AC8E25E3BBB500D38243 /* LocationManager.swift */,
			);
			path = Services;
			sourceTree = "<group>";
		};
		C792AC6925E18FC100D38243 /* ListOfRestaurants */ = {
			isa = PBXGroup;
			children = (
				C7F3F1F225E0012C00451F8B /* ListOfRestaurantsPresenter.swift */,
				C7F3F1F025E000E000451F8B /* ListOfRestaurantsViewController */,
			);
			path = ListOfRestaurants;
			sourceTree = "<group>";
		};
		C792AC7525E1959C00D38243 /* Application */ = {
			isa = PBXGroup;
			children = (
				C7F3F1D125DFF88100451F8B /* AppDelegate.swift */,
			);
			path = Application;
			sourceTree = "<group>";
		};
		C792AC7625E195B200D38243 /* Resources */ = {
			isa = PBXGroup;
			children = (
				C7F3F1D725DFF88100451F8B /* Main.storyboard */,
				C7F3F1DC25DFF88400451F8B /* LaunchScreen.storyboard */,
				C7F3F1DA25DFF88400451F8B /* Assets.xcassets */,
			);
			path = Resources;
			sourceTree = "<group>";
		};
		C792AC7C25E1964800D38243 /* ListOfRestaurantsTests */ = {
			isa = PBXGroup;
			children = (
				C717820F25E3EC85007DFFA9 /* RestaurantJSON.json */,
				C792AC7D25E1964800D38243 /* ListOfRestaurantsTests.swift */,
				C792AC7F25E1964800D38243 /* Info.plist */,
			);
			path = ListOfRestaurantsTests;
			sourceTree = "<group>";
		};
		C792AC8B25E2670C00D38243 /* Modules */ = {
			isa = PBXGroup;
			children = (
				C792AC6925E18FC100D38243 /* ListOfRestaurants */,
			);
			path = Modules;
			sourceTree = "<group>";
		};
		C7C88AE625EB95620094AB2D /* JustEatTestTaskUITests */ = {
			isa = PBXGroup;
			children = (
				C7C88AE725EB95620094AB2D /* JustEatTestTaskUITests.swift */,
				C7C88AE925EB95620094AB2D /* Info.plist */,
			);
			path = JustEatTestTaskUITests;
			sourceTree = "<group>";
		};
		C7F3F1C525DFF88100451F8B = {
			isa = PBXGroup;
			children = (
				C7F3F1D025DFF88100451F8B /* JustEatTestTask */,
				C792AC7C25E1964800D38243 /* ListOfRestaurantsTests */,
				C7C88AE625EB95620094AB2D /* JustEatTestTaskUITests */,
				C7F3F1CF25DFF88100451F8B /* Products */,
				48E20F3C3B43723BFBE14E4B /* Pods */,
				B069E2AD43365A73CCDE2677 /* Frameworks */,
			);
			sourceTree = "<group>";
		};
		C7F3F1CF25DFF88100451F8B /* Products */ = {
			isa = PBXGroup;
			children = (
				C7F3F1CE25DFF88100451F8B /* JustEatTestTask.app */,
				C792AC7B25E1964800D38243 /* ListOfRestaurantsTests.xctest */,
				C7C88AE525EB95620094AB2D /* JustEatTestTaskUITests.xctest */,
			);
			name = Products;
			sourceTree = "<group>";
		};
		C7F3F1D025DFF88100451F8B /* JustEatTestTask */ = {
			isa = PBXGroup;
			children = (
				C792ABF725E020E100D38243 /* Services */,
				C792ABEA25E0178000D38243 /* Model */,
				C792AC7525E1959C00D38243 /* Application */,
				C792AC7625E195B200D38243 /* Resources */,
				C7F3F1DF25DFF88400451F8B /* Info.plist */,
				C792AC8B25E2670C00D38243 /* Modules */,
			);
			path = JustEatTestTask;
			sourceTree = "<group>";
		};
		C7F3F1F025E000E000451F8B /* ListOfRestaurantsViewController */ = {
			isa = PBXGroup;
			children = (
				C7F3F20025E006FC00451F8B /* Views */,
				C7F3F1E925E0007800451F8B /* ListOfRestaurantsTableViewController.swift */,
				C7F3F1FE25E0035C00451F8B /* Cells */,
			);
			path = ListOfRestaurantsViewController;
			sourceTree = "<group>";
		};
		C7F3F1FE25E0035C00451F8B /* Cells */ = {
			isa = PBXGroup;
			children = (
				C7F3F1FB25E0035200451F8B /* ShortRestaurantInfoTableViewCell.swift */,
			);
			path = Cells;
			sourceTree = "<group>";
		};
		C7F3F20025E006FC00451F8B /* Views */ = {
			isa = PBXGroup;
			children = (
				C7F3F20125E0075D00451F8B /* RatingView.swift */,
				C792AC2D25E03B1300D38243 /* SearchFieldView.swift */,
			);
			path = Views;
			sourceTree = "<group>";
		};
/* End PBXGroup section */

/* Begin PBXHeadersBuildPhase section */
		C717826725E402D3007DFFA9 /* Headers */ = {
			isa = PBXHeadersBuildPhase;
			buildActionMask = 2147483647;
			files = (
			);
			runOnlyForDeploymentPostprocessing = 0;
		};
/* End PBXHeadersBuildPhase section */

/* Begin PBXNativeTarget section */
		C792AC7A25E1964800D38243 /* ListOfRestaurantsTests */ = {
			isa = PBXNativeTarget;
			buildConfigurationList = C792AC8225E1964800D38243 /* Build configuration list for PBXNativeTarget "ListOfRestaurantsTests" */;
			buildPhases = (
				F9F667D25198A081D8776CF8 /* [CP] Check Pods Manifest.lock */,
				C792AC7725E1964800D38243 /* Sources */,
				C792AC7825E1964800D38243 /* Frameworks */,
				C792AC7925E1964800D38243 /* Resources */,
				D0E0911DFE8034CAE21433BF /* [CP] Embed Pods Frameworks */,
			);
			buildRules = (
			);
			dependencies = (
				C792AC8125E1964800D38243 /* PBXTargetDependency */,
			);
			name = ListOfRestaurantsTests;
			productName = ListOfRestaurantsTests;
			productReference = C792AC7B25E1964800D38243 /* ListOfRestaurantsTests.xctest */;
			productType = "com.apple.product-type.bundle.unit-test";
		};
		C7C88AE425EB95620094AB2D /* JustEatTestTaskUITests */ = {
			isa = PBXNativeTarget;
			buildConfigurationList = C7C88AEE25EB95620094AB2D /* Build configuration list for PBXNativeTarget "JustEatTestTaskUITests" */;
			buildPhases = (
				C7C88AE125EB95620094AB2D /* Sources */,
				C7C88AE225EB95620094AB2D /* Frameworks */,
				C7C88AE325EB95620094AB2D /* Resources */,
			);
			buildRules = (
			);
			dependencies = (
				C7C88AEB25EB95620094AB2D /* PBXTargetDependency */,
			);
			name = JustEatTestTaskUITests;
			productName = JustEatTestTaskUITests;
			productReference = C7C88AE525EB95620094AB2D /* JustEatTestTaskUITests.xctest */;
			productType = "com.apple.product-type.bundle.ui-testing";
		};
		C7F3F1CD25DFF88100451F8B /* JustEatTestTask */ = {
			isa = PBXNativeTarget;
			buildConfigurationList = C7F3F1E225DFF88400451F8B /* Build configuration list for PBXNativeTarget "JustEatTestTask" */;
			buildPhases = (
				BF525E2A3E4F88F6ED5426FA /* [CP] Check Pods Manifest.lock */,
				C717826725E402D3007DFFA9 /* Headers */,
				C7F3F1CA25DFF88100451F8B /* Sources */,
				C7F3F1CB25DFF88100451F8B /* Frameworks */,
				C7F3F1CC25DFF88100451F8B /* Resources */,
				0B671E2B49E03C5AED1828F6 /* [CP] Embed Pods Frameworks */,
			);
			buildRules = (
			);
			dependencies = (
			);
			name = JustEatTestTask;
			productName = JustEatTestTask;
			productReference = C7F3F1CE25DFF88100451F8B /* JustEatTestTask.app */;
			productType = "com.apple.product-type.application";
		};
/* End PBXNativeTarget section */

/* Begin PBXProject section */
		C7F3F1C625DFF88100451F8B /* Project object */ = {
			isa = PBXProject;
			attributes = {
				LastSwiftUpdateCheck = 1240;
				LastUpgradeCheck = 1240;
				TargetAttributes = {
					C792AC7A25E1964800D38243 = {
						CreatedOnToolsVersion = 12.4;
						TestTargetID = C7F3F1CD25DFF88100451F8B;
					};
					C7C88AE425EB95620094AB2D = {
						CreatedOnToolsVersion = 12.4;
						TestTargetID = C7F3F1CD25DFF88100451F8B;
					};
					C7F3F1CD25DFF88100451F8B = {
						CreatedOnToolsVersion = 12.4;
					};
				};
			};
			buildConfigurationList = C7F3F1C925DFF88100451F8B /* Build configuration list for PBXProject "JustEatTestTask" */;
			compatibilityVersion = "Xcode 9.3";
			developmentRegion = en;
			hasScannedForEncodings = 0;
			knownRegions = (
				en,
				Base,
			);
			mainGroup = C7F3F1C525DFF88100451F8B;
			productRefGroup = C7F3F1CF25DFF88100451F8B /* Products */;
			projectDirPath = "";
			projectRoot = "";
			targets = (
				C7F3F1CD25DFF88100451F8B /* JustEatTestTask */,
				C792AC7A25E1964800D38243 /* ListOfRestaurantsTests */,
				C7C88AE425EB95620094AB2D /* JustEatTestTaskUITests */,
			);
		};
/* End PBXProject section */

/* Begin PBXResourcesBuildPhase section */
		C792AC7925E1964800D38243 /* Resources */ = {
			isa = PBXResourcesBuildPhase;
			buildActionMask = 2147483647;
			files = (
				C717821025E3EC85007DFFA9 /* RestaurantJSON.json in Resources */,
			);
			runOnlyForDeploymentPostprocessing = 0;
		};
		C7C88AE325EB95620094AB2D /* Resources */ = {
			isa = PBXResourcesBuildPhase;
			buildActionMask = 2147483647;
			files = (
			);
			runOnlyForDeploymentPostprocessing = 0;
		};
		C7F3F1CC25DFF88100451F8B /* Resources */ = {
			isa = PBXResourcesBuildPhase;
			buildActionMask = 2147483647;
			files = (
				C7F3F1DE25DFF88400451F8B /* LaunchScreen.storyboard in Resources */,
				C7F3F1DB25DFF88400451F8B /* Assets.xcassets in Resources */,
				C7F3F1D925DFF88100451F8B /* Main.storyboard in Resources */,
			);
			runOnlyForDeploymentPostprocessing = 0;
		};
/* End PBXResourcesBuildPhase section */

/* Begin PBXShellScriptBuildPhase section */
		0B671E2B49E03C5AED1828F6 /* [CP] Embed Pods Frameworks */ = {
			isa = PBXShellScriptBuildPhase;
			buildActionMask = 2147483647;
			files = (
			);
			inputFileListPaths = (
				"${PODS_ROOT}/Target Support Files/Pods-JustEatTestTask/Pods-JustEatTestTask-frameworks-${CONFIGURATION}-input-files.xcfilelist",
			);
			name = "[CP] Embed Pods Frameworks";
			outputFileListPaths = (
				"${PODS_ROOT}/Target Support Files/Pods-JustEatTestTask/Pods-JustEatTestTask-frameworks-${CONFIGURATION}-output-files.xcfilelist",
			);
			runOnlyForDeploymentPostprocessing = 0;
			shellPath = /bin/sh;
			shellScript = "\"${PODS_ROOT}/Target Support Files/Pods-JustEatTestTask/Pods-JustEatTestTask-frameworks.sh\"\n";
			showEnvVarsInLog = 0;
		};
		BF525E2A3E4F88F6ED5426FA /* [CP] Check Pods Manifest.lock */ = {
			isa = PBXShellScriptBuildPhase;
			buildActionMask = 2147483647;
			files = (
			);
			inputFileListPaths = (
			);
			inputPaths = (
				"${PODS_PODFILE_DIR_PATH}/Podfile.lock",
				"${PODS_ROOT}/Manifest.lock",
			);
			name = "[CP] Check Pods Manifest.lock";
			outputFileListPaths = (
			);
			outputPaths = (
				"$(DERIVED_FILE_DIR)/Pods-JustEatTestTask-checkManifestLockResult.txt",
			);
			runOnlyForDeploymentPostprocessing = 0;
			shellPath = /bin/sh;
			shellScript = "diff \"${PODS_PODFILE_DIR_PATH}/Podfile.lock\" \"${PODS_ROOT}/Manifest.lock\" > /dev/null\nif [ $? != 0 ] ; then\n    # print error to STDERR\n    echo \"error: The sandbox is not in sync with the Podfile.lock. Run 'pod install' or update your CocoaPods installation.\" >&2\n    exit 1\nfi\n# This output is used by Xcode 'outputs' to avoid re-running this script phase.\necho \"SUCCESS\" > \"${SCRIPT_OUTPUT_FILE_0}\"\n";
			showEnvVarsInLog = 0;
		};
		D0E0911DFE8034CAE21433BF /* [CP] Embed Pods Frameworks */ = {
			isa = PBXShellScriptBuildPhase;
			buildActionMask = 2147483647;
			files = (
			);
			inputFileListPaths = (
				"${PODS_ROOT}/Target Support Files/Pods-JustEatTestTask-ListOfRestaurantsTests/Pods-JustEatTestTask-ListOfRestaurantsTests-frameworks-${CONFIGURATION}-input-files.xcfilelist",
			);
			name = "[CP] Embed Pods Frameworks";
			outputFileListPaths = (
				"${PODS_ROOT}/Target Support Files/Pods-JustEatTestTask-ListOfRestaurantsTests/Pods-JustEatTestTask-ListOfRestaurantsTests-frameworks-${CONFIGURATION}-output-files.xcfilelist",
			);
			runOnlyForDeploymentPostprocessing = 0;
			shellPath = /bin/sh;
			shellScript = "\"${PODS_ROOT}/Target Support Files/Pods-JustEatTestTask-ListOfRestaurantsTests/Pods-JustEatTestTask-ListOfRestaurantsTests-frameworks.sh\"\n";
			showEnvVarsInLog = 0;
		};
		F9F667D25198A081D8776CF8 /* [CP] Check Pods Manifest.lock */ = {
			isa = PBXShellScriptBuildPhase;
			buildActionMask = 2147483647;
			files = (
			);
			inputFileListPaths = (
			);
			inputPaths = (
				"${PODS_PODFILE_DIR_PATH}/Podfile.lock",
				"${PODS_ROOT}/Manifest.lock",
			);
			name = "[CP] Check Pods Manifest.lock";
			outputFileListPaths = (
			);
			outputPaths = (
				"$(DERIVED_FILE_DIR)/Pods-JustEatTestTask-ListOfRestaurantsTests-checkManifestLockResult.txt",
			);
			runOnlyForDeploymentPostprocessing = 0;
			shellPath = /bin/sh;
			shellScript = "diff \"${PODS_PODFILE_DIR_PATH}/Podfile.lock\" \"${PODS_ROOT}/Manifest.lock\" > /dev/null\nif [ $? != 0 ] ; then\n    # print error to STDERR\n    echo \"error: The sandbox is not in sync with the Podfile.lock. Run 'pod install' or update your CocoaPods installation.\" >&2\n    exit 1\nfi\n# This output is used by Xcode 'outputs' to avoid re-running this script phase.\necho \"SUCCESS\" > \"${SCRIPT_OUTPUT_FILE_0}\"\n";
			showEnvVarsInLog = 0;
		};
/* End PBXShellScriptBuildPhase section */

/* Begin PBXSourcesBuildPhase section */
		C792AC7725E1964800D38243 /* Sources */ = {
			isa = PBXSourcesBuildPhase;
			buildActionMask = 2147483647;
			files = (
				C792AC7E25E1964800D38243 /* ListOfRestaurantsTests.swift in Sources */,
			);
			runOnlyForDeploymentPostprocessing = 0;
		};
		C7C88AE125EB95620094AB2D /* Sources */ = {
			isa = PBXSourcesBuildPhase;
			buildActionMask = 2147483647;
			files = (
				C7C88AE825EB95620094AB2D /* JustEatTestTaskUITests.swift in Sources */,
			);
			runOnlyForDeploymentPostprocessing = 0;
		};
		C7F3F1CA25DFF88100451F8B /* Sources */ = {
			isa = PBXSourcesBuildPhase;
			buildActionMask = 2147483647;
			files = (
				C7F3F20225E0075D00451F8B /* RatingView.swift in Sources */,
				C7F3F1FC25E0035200451F8B /* ShortRestaurantInfoTableViewCell.swift in Sources */,
				C792AC8F25E3BBB500D38243 /* LocationManager.swift in Sources */,
				C792ABF925E020EF00D38243 /* NetworkManager.swift in Sources */,
				C7F3F1EA25E0007800451F8B /* ListOfRestaurantsTableViewController.swift in Sources */,
				C7F3F1D225DFF88100451F8B /* AppDelegate.swift in Sources */,
				C792ABEC25E0179800D38243 /* Restaurant.swift in Sources */,
				C7F3F1F325E0012C00451F8B /* ListOfRestaurantsPresenter.swift in Sources */,
				C792AC2E25E03B1300D38243 /* SearchFieldView.swift in Sources */,
			);
			runOnlyForDeploymentPostprocessing = 0;
		};
/* End PBXSourcesBuildPhase section */

/* Begin PBXTargetDependency section */
		C792AC8125E1964800D38243 /* PBXTargetDependency */ = {
			isa = PBXTargetDependency;
			target = C7F3F1CD25DFF88100451F8B /* JustEatTestTask */;
			targetProxy = C792AC8025E1964800D38243 /* PBXContainerItemProxy */;
		};
		C7C88AEB25EB95620094AB2D /* PBXTargetDependency */ = {
			isa = PBXTargetDependency;
			target = C7F3F1CD25DFF88100451F8B /* JustEatTestTask */;
			targetProxy = C7C88AEA25EB95620094AB2D /* PBXContainerItemProxy */;
		};
/* End PBXTargetDependency section */

/* Begin PBXVariantGroup section */
		C7F3F1D725DFF88100451F8B /* Main.storyboard */ = {
			isa = PBXVariantGroup;
			children = (
				C7F3F1D825DFF88100451F8B /* Base */,
			);
			name = Main.storyboard;
			sourceTree = "<group>";
		};
		C7F3F1DC25DFF88400451F8B /* LaunchScreen.storyboard */ = {
			isa = PBXVariantGroup;
			children = (
				C7F3F1DD25DFF88400451F8B /* Base */,
			);
			name = LaunchScreen.storyboard;
			sourceTree = "<group>";
		};
/* End PBXVariantGroup section */

/* Begin XCBuildConfiguration section */
		C792AC8325E1964800D38243 /* Debug */ = {
			isa = XCBuildConfiguration;
			baseConfigurationReference = E566AC9B721E4C838DE09C52 /* Pods-JustEatTestTask-ListOfRestaurantsTests.debug.xcconfig */;
			buildSettings = {
				BUNDLE_LOADER = "$(TEST_HOST)";
				CODE_SIGN_STYLE = Automatic;
				DEVELOPMENT_TEAM = 49AM85TS2Z;
				INFOPLIST_FILE = ListOfRestaurantsTests/Info.plist;
				LD_RUNPATH_SEARCH_PATHS = (
					"$(inherited)",
					"@executable_path/Frameworks",
					"@loader_path/Frameworks",
				);
				PRODUCT_BUNDLE_IDENTIFIER = mdeshina.ListOfRestaurantsTests;
				PRODUCT_NAME = "$(TARGET_NAME)";
				SWIFT_VERSION = 5.0;
				TARGETED_DEVICE_FAMILY = "1,2";
				TEST_HOST = "$(BUILT_PRODUCTS_DIR)/JustEatTestTask.app/JustEatTestTask";
			};
			name = Debug;
		};
		C792AC8425E1964800D38243 /* Release */ = {
			isa = XCBuildConfiguration;
			baseConfigurationReference = 56FA04BA7185CEE619A6A76C /* Pods-JustEatTestTask-ListOfRestaurantsTests.release.xcconfig */;
			buildSettings = {
				BUNDLE_LOADER = "$(TEST_HOST)";
				CODE_SIGN_STYLE = Automatic;
				DEVELOPMENT_TEAM = 49AM85TS2Z;
				INFOPLIST_FILE = ListOfRestaurantsTests/Info.plist;
				LD_RUNPATH_SEARCH_PATHS = (
					"$(inherited)",
					"@executable_path/Frameworks",
					"@loader_path/Frameworks",
				);
				PRODUCT_BUNDLE_IDENTIFIER = mdeshina.ListOfRestaurantsTests;
				PRODUCT_NAME = "$(TARGET_NAME)";
				SWIFT_VERSION = 5.0;
				TARGETED_DEVICE_FAMILY = "1,2";
				TEST_HOST = "$(BUILT_PRODUCTS_DIR)/JustEatTestTask.app/JustEatTestTask";
			};
			name = Release;
		};
		C7C88AEC25EB95620094AB2D /* Debug */ = {
			isa = XCBuildConfiguration;
			buildSettings = {
				CODE_SIGN_STYLE = Automatic;
				DEVELOPMENT_TEAM = 49AM85TS2Z;
				INFOPLIST_FILE = JustEatTestTaskUITests/Info.plist;
				LD_RUNPATH_SEARCH_PATHS = (
					"$(inherited)",
					"@executable_path/Frameworks",
					"@loader_path/Frameworks",
				);
				PRODUCT_BUNDLE_IDENTIFIER = mdeshina.JustEatTestTaskUITests;
				PRODUCT_NAME = "$(TARGET_NAME)";
				SWIFT_VERSION = 5.0;
				TARGETED_DEVICE_FAMILY = "1,2";
				TEST_TARGET_NAME = JustEatTestTask;
			};
			name = Debug;
		};
		C7C88AED25EB95620094AB2D /* Release */ = {
			isa = XCBuildConfiguration;
			buildSettings = {
				CODE_SIGN_STYLE = Automatic;
				DEVELOPMENT_TEAM = 49AM85TS2Z;
				INFOPLIST_FILE = JustEatTestTaskUITests/Info.plist;
				LD_RUNPATH_SEARCH_PATHS = (
					"$(inherited)",
					"@executable_path/Frameworks",
					"@loader_path/Frameworks",
				);
				PRODUCT_BUNDLE_IDENTIFIER = mdeshina.JustEatTestTaskUITests;
				PRODUCT_NAME = "$(TARGET_NAME)";
				SWIFT_VERSION = 5.0;
				TARGETED_DEVICE_FAMILY = "1,2";
				TEST_TARGET_NAME = JustEatTestTask;
			};
			name = Release;
		};
		C7F3F1E025DFF88400451F8B /* Debug */ = {
			isa = XCBuildConfiguration;
			buildSettings = {
				ALWAYS_SEARCH_USER_PATHS = NO;
				CLANG_ANALYZER_NONNULL = YES;
				CLANG_ANALYZER_NUMBER_OBJECT_CONVERSION = YES_AGGRESSIVE;
				CLANG_CXX_LANGUAGE_STANDARD = "gnu++14";
				CLANG_CXX_LIBRARY = "libc++";
				CLANG_ENABLE_MODULES = YES;
				CLANG_ENABLE_OBJC_ARC = YES;
				CLANG_ENABLE_OBJC_WEAK = YES;
				CLANG_WARN_BLOCK_CAPTURE_AUTORELEASING = YES;
				CLANG_WARN_BOOL_CONVERSION = YES;
				CLANG_WARN_COMMA = YES;
				CLANG_WARN_CONSTANT_CONVERSION = YES;
				CLANG_WARN_DEPRECATED_OBJC_IMPLEMENTATIONS = YES;
				CLANG_WARN_DIRECT_OBJC_ISA_USAGE = YES_ERROR;
				CLANG_WARN_DOCUMENTATION_COMMENTS = YES;
				CLANG_WARN_EMPTY_BODY = YES;
				CLANG_WARN_ENUM_CONVERSION = YES;
				CLANG_WARN_INFINITE_RECURSION = YES;
				CLANG_WARN_INT_CONVERSION = YES;
				CLANG_WARN_NON_LITERAL_NULL_CONVERSION = YES;
				CLANG_WARN_OBJC_IMPLICIT_RETAIN_SELF = YES;
				CLANG_WARN_OBJC_LITERAL_CONVERSION = YES;
				CLANG_WARN_OBJC_ROOT_CLASS = YES_ERROR;
				CLANG_WARN_QUOTED_INCLUDE_IN_FRAMEWORK_HEADER = YES;
				CLANG_WARN_RANGE_LOOP_ANALYSIS = YES;
				CLANG_WARN_STRICT_PROTOTYPES = YES;
				CLANG_WARN_SUSPICIOUS_MOVE = YES;
				CLANG_WARN_UNGUARDED_AVAILABILITY = YES_AGGRESSIVE;
				CLANG_WARN_UNREACHABLE_CODE = YES;
				CLANG_WARN__DUPLICATE_METHOD_MATCH = YES;
				COPY_PHASE_STRIP = NO;
				DEBUG_INFORMATION_FORMAT = dwarf;
				ENABLE_STRICT_OBJC_MSGSEND = YES;
				ENABLE_TESTABILITY = YES;
				GCC_C_LANGUAGE_STANDARD = gnu11;
				GCC_DYNAMIC_NO_PIC = NO;
				GCC_NO_COMMON_BLOCKS = YES;
				GCC_OPTIMIZATION_LEVEL = 0;
				GCC_PREPROCESSOR_DEFINITIONS = (
					"DEBUG=1",
					"$(inherited)",
				);
				GCC_WARN_64_TO_32_BIT_CONVERSION = YES;
				GCC_WARN_ABOUT_RETURN_TYPE = YES_ERROR;
				GCC_WARN_UNDECLARED_SELECTOR = YES;
				GCC_WARN_UNINITIALIZED_AUTOS = YES_AGGRESSIVE;
				GCC_WARN_UNUSED_FUNCTION = YES;
				GCC_WARN_UNUSED_VARIABLE = YES;
				IPHONEOS_DEPLOYMENT_TARGET = 14.4;
				MTL_ENABLE_DEBUG_INFO = INCLUDE_SOURCE;
				MTL_FAST_MATH = YES;
				ONLY_ACTIVE_ARCH = YES;
				SDKROOT = iphoneos;
				SWIFT_ACTIVE_COMPILATION_CONDITIONS = DEBUG;
				SWIFT_OPTIMIZATION_LEVEL = "-Onone";
			};
			name = Debug;
		};
		C7F3F1E125DFF88400451F8B /* Release */ = {
			isa = XCBuildConfiguration;
			buildSettings = {
				ALWAYS_SEARCH_USER_PATHS = NO;
				CLANG_ANALYZER_NONNULL = YES;
				CLANG_ANALYZER_NUMBER_OBJECT_CONVERSION = YES_AGGRESSIVE;
				CLANG_CXX_LANGUAGE_STANDARD = "gnu++14";
				CLANG_CXX_LIBRARY = "libc++";
				CLANG_ENABLE_MODULES = YES;
				CLANG_ENABLE_OBJC_ARC = YES;
				CLANG_ENABLE_OBJC_WEAK = YES;
				CLANG_WARN_BLOCK_CAPTURE_AUTORELEASING = YES;
				CLANG_WARN_BOOL_CONVERSION = YES;
				CLANG_WARN_COMMA = YES;
				CLANG_WARN_CONSTANT_CONVERSION = YES;
				CLANG_WARN_DEPRECATED_OBJC_IMPLEMENTATIONS = YES;
				CLANG_WARN_DIRECT_OBJC_ISA_USAGE = YES_ERROR;
				CLANG_WARN_DOCUMENTATION_COMMENTS = YES;
				CLANG_WARN_EMPTY_BODY = YES;
				CLANG_WARN_ENUM_CONVERSION = YES;
				CLANG_WARN_INFINITE_RECURSION = YES;
				CLANG_WARN_INT_CONVERSION = YES;
				CLANG_WARN_NON_LITERAL_NULL_CONVERSION = YES;
				CLANG_WARN_OBJC_IMPLICIT_RETAIN_SELF = YES;
				CLANG_WARN_OBJC_LITERAL_CONVERSION = YES;
				CLANG_WARN_OBJC_ROOT_CLASS = YES_ERROR;
				CLANG_WARN_QUOTED_INCLUDE_IN_FRAMEWORK_HEADER = YES;
				CLANG_WARN_RANGE_LOOP_ANALYSIS = YES;
				CLANG_WARN_STRICT_PROTOTYPES = YES;
				CLANG_WARN_SUSPICIOUS_MOVE = YES;
				CLANG_WARN_UNGUARDED_AVAILABILITY = YES_AGGRESSIVE;
				CLANG_WARN_UNREACHABLE_CODE = YES;
				CLANG_WARN__DUPLICATE_METHOD_MATCH = YES;
				COPY_PHASE_STRIP = NO;
				DEBUG_INFORMATION_FORMAT = "dwarf-with-dsym";
				ENABLE_NS_ASSERTIONS = NO;
				ENABLE_STRICT_OBJC_MSGSEND = YES;
				GCC_C_LANGUAGE_STANDARD = gnu11;
				GCC_NO_COMMON_BLOCKS = YES;
				GCC_WARN_64_TO_32_BIT_CONVERSION = YES;
				GCC_WARN_ABOUT_RETURN_TYPE = YES_ERROR;
				GCC_WARN_UNDECLARED_SELECTOR = YES;
				GCC_WARN_UNINITIALIZED_AUTOS = YES_AGGRESSIVE;
				GCC_WARN_UNUSED_FUNCTION = YES;
				GCC_WARN_UNUSED_VARIABLE = YES;
				IPHONEOS_DEPLOYMENT_TARGET = 14.4;
				MTL_ENABLE_DEBUG_INFO = NO;
				MTL_FAST_MATH = YES;
				SDKROOT = iphoneos;
				SWIFT_COMPILATION_MODE = wholemodule;
				SWIFT_OPTIMIZATION_LEVEL = "-O";
				VALIDATE_PRODUCT = YES;
			};
			name = Release;
		};
		C7F3F1E325DFF88400451F8B /* Debug */ = {
			isa = XCBuildConfiguration;
			baseConfigurationReference = 270779B8CA30265D989559C2 /* Pods-JustEatTestTask.debug.xcconfig */;
			buildSettings = {
				ASSETCATALOG_COMPILER_APPICON_NAME = AppIcon;
				ASSETCATALOG_COMPILER_GLOBAL_ACCENT_COLOR_NAME = AccentColor;
				CODE_SIGN_STYLE = Automatic;
				DEVELOPMENT_TEAM = 49AM85TS2Z;
				INFOPLIST_FILE = JustEatTestTask/Info.plist;
				LD_RUNPATH_SEARCH_PATHS = (
					"$(inherited)",
					"@executable_path/Frameworks",
				);
				PRODUCT_BUNDLE_IDENTIFIER = mdeshina.JustEatTestTask;
				PRODUCT_NAME = "$(TARGET_NAME)";
				SWIFT_VERSION = 5.0;
				TARGETED_DEVICE_FAMILY = "1,2";
			};
			name = Debug;
		};
		C7F3F1E425DFF88400451F8B /* Release */ = {
			isa = XCBuildConfiguration;
			baseConfigurationReference = 2BD3CF9061397D1F89E0F9C4 /* Pods-JustEatTestTask.release.xcconfig */;
			buildSettings = {
				ASSETCATALOG_COMPILER_APPICON_NAME = AppIcon;
				ASSETCATALOG_COMPILER_GLOBAL_ACCENT_COLOR_NAME = AccentColor;
				CODE_SIGN_STYLE = Automatic;
				DEVELOPMENT_TEAM = 49AM85TS2Z;
				INFOPLIST_FILE = JustEatTestTask/Info.plist;
				LD_RUNPATH_SEARCH_PATHS = (
					"$(inherited)",
					"@executable_path/Frameworks",
				);
				PRODUCT_BUNDLE_IDENTIFIER = mdeshina.JustEatTestTask;
				PRODUCT_NAME = "$(TARGET_NAME)";
				SWIFT_VERSION = 5.0;
				TARGETED_DEVICE_FAMILY = "1,2";
			};
			name = Release;
		};
/* End XCBuildConfiguration section */

/* Begin XCConfigurationList section */
		C792AC8225E1964800D38243 /* Build configuration list for PBXNativeTarget "ListOfRestaurantsTests" */ = {
			isa = XCConfigurationList;
			buildConfigurations = (
				C792AC8325E1964800D38243 /* Debug */,
				C792AC8425E1964800D38243 /* Release */,
			);
			defaultConfigurationIsVisible = 0;
			defaultConfigurationName = Release;
		};
		C7C88AEE25EB95620094AB2D /* Build configuration list for PBXNativeTarget "JustEatTestTaskUITests" */ = {
			isa = XCConfigurationList;
			buildConfigurations = (
				C7C88AEC25EB95620094AB2D /* Debug */,
				C7C88AED25EB95620094AB2D /* Release */,
			);
			defaultConfigurationIsVisible = 0;
			defaultConfigurationName = Release;
		};
		C7F3F1C925DFF88100451F8B /* Build configuration list for PBXProject "JustEatTestTask" */ = {
			isa = XCConfigurationList;
			buildConfigurations = (
				C7F3F1E025DFF88400451F8B /* Debug */,
				C7F3F1E125DFF88400451F8B /* Release */,
			);
			defaultConfigurationIsVisible = 0;
			defaultConfigurationName = Release;
		};
		C7F3F1E225DFF88400451F8B /* Build configuration list for PBXNativeTarget "JustEatTestTask" */ = {
			isa = XCConfigurationList;
			buildConfigurations = (
				C7F3F1E325DFF88400451F8B /* Debug */,
				C7F3F1E425DFF88400451F8B /* Release */,
			);
			defaultConfigurationIsVisible = 0;
			defaultConfigurationName = Release;
		};
/* End XCConfigurationList section */
	};
	rootObject = C7F3F1C625DFF88100451F8B /* Project object */;
}
